
Microsoft Visual Studio Solution File, Format Version 12.00
# Visual Studio 15
VisualStudioVersion = 15.0.28010.2046
MinimumVisualStudioVersion = 10.0.40219.1
Project("{FAE04EC0-301F-11D3-BF4B-00C04F79EFBC}") = "MailSender", "MailSender\MailSender.csproj", "{B4798282-C2BB-43D2-B34B-C7D567C76D23}"
EndProject
Global
	GlobalSection(SolutionConfigurationPlatforms) = preSolution
		Debug|Any CPU = Debug|Any CPU
		Release|Any CPU = Release|Any CPU
	EndGlobalSection
	GlobalSection(ProjectConfigurationPlatforms) = postSolution
		{B4798282-C2BB-43D2-B34B-C7D567C76D23}.Debug|Any CPU.ActiveCfg = Debug|Any CPU
		{B4798282-C2BB-43D2-B34B-C7D567C76D23}.Debug|Any CPU.Build.0 = Debug|Any CPU
		{B4798282-C2BB-43D2-B34B-C7D567C76D23}.Release|Any CPU.ActiveCfg = Release|Any CPU
		{B4798282-C2BB-43D2-B34B-C7D567C76D23}.Release|Any CPU.Build.0 = Release|Any CPU
	EndGlobalSection
	GlobalSection(SolutionProperties) = preSolution
		HideSolutionNode = FALSE
	EndGlobalSection
	GlobalSection(ExtensibilityGlobals) = postSolution
		SolutionGuid = {45D9AFE1-7866-4F73-B132-3309F95E4DF9}
	EndGlobalSection
EndGlobal
